<Solution>
  <Folder Name="/src/">
    <Project Path="src/StoryForge.App/StoryForge.App.csproj" />
    <Project Path="src/StoryForge.Client/StoryForge.Client.csproj" />
    <Project Path="src/StoryForge.Engine/StoryForge.Engine.csproj" />
  </Folder>
  <Folder Name="/tests/">
    <Project Path="tests/StoryForge.App.Tests/StoryForge.App.Tests.csproj" />
    <Project Path="tests/StoryForge.Engine.Tests/StoryForge.Engine.Tests.csproj" />
  </Folder>
</Solution>
